<?xml version="1.0" encoding="utf-8"?>
<Project ToolsVersion="4.0" xmlns="http://schemas.microsoft.com/developer/msbuild/2003">
  <ItemGroup>
    <Filter Include="Source Files">
      <UniqueIdentifier>{4FC737F1-C7A5-4376-A066-2A32D752A2FF}</UniqueIdentifier>
      <Extensions>cpp;c;cc;cxx;c++;cppm;ixx;def;odl;idl;hpj;bat;asm;asmx</Extensions>
    </Filter>
    <Filter Include="Header Files">
      <UniqueIdentifier>{93995380-89BD-4b04-88EB-625FBE52EBFB}</UniqueIdentifier>
      <Extensions>h;hh;hpp;hxx;h++;hm;inl;inc;ipp;xsd</Extensions>
    </Filter>
    <Filter Include="Resource Files">
      <UniqueIdentifier>{67DA6AB6-F800-4c08-8B7A-83BB121AAD01}</UniqueIdentifier>
      <Extensions>rc;ico;cur;bmp;dlg;rc2;rct;bin;rgs;gif;jpg;jpeg;jpe;resx;tiff;tif;png;wav;mfcribbon-ms</Extensions>
    </Filter>
    <Filter Include="Source Files\Laba1">
      <UniqueIdentifier>{c030ff82-4332-4e4d-b024-17a381b8dfca}</UniqueIdentifier>
    </Filter>
    <Filter Include="Source Files\Laba2">
      <UniqueIdentifier>{32a9739b-5213-4e92-9436-fbab58ae41aa}</UniqueIdentifier>
    </Filter>
    <Filter Include="Source Files\Laba4">
      <UniqueIdentifier>{e43fff6b-85cb-4c37-953b-f3e47c996d00}</UniqueIdentifier>
    </Filter>
  </ItemGroup>
  <ItemGroup>
    <ClCompile Include="OpenCV_lab.cpp">
      <Filter>Source Files</Filter>
    </ClCompile>
    <ClCompile Include="Laba1\Laba1.cpp">
      <Filter>Source Files\Laba1</Filter>
    </ClCompile>
    <ClCompile Include="Laba2\Laba2.cpp">
      <Filter>Source Files\Laba2</Filter>
    </ClCompile>
    <ClCompile Include="Laba2\MatrixFilter.cpp">
      <Filter>Source Files\Laba2</Filter>
    </ClCompile>
    <ClCompile Include="Laba4\Laba4.cpp">
      <Filter>Source Files\Laba4</Filter>
    </ClCompile>
  </ItemGroup>
  <ItemGroup>
    <ClInclude Include="Laba1\Laba1.h">
      <Filter>Source Files\Laba1</Filter>
    </ClInclude>
    <ClInclude Include="Laba2\Laba2.h">
      <Filter>Source Files\Laba2</Filter>
    </ClInclude>
    <ClInclude Include="Laba4\Laba4.h">
      <Filter>Source Files\Laba4</Filter>
    </ClInclude>
  </ItemGroup>
  <ItemGroup>
    <Image Include="Laba1\Kitty.jpg">
      <Filter>Resource Files</Filter>
    </Image>
  </ItemGroup>
</Project>